
Microsoft Visual Studio Solution File, Format Version 12.00
# Visual Studio Version 16
VisualStudioVersion = 16.0.30523.141
MinimumVisualStudioVersion = 10.0.40219.1
Project("{FAE04EC0-301F-11D3-BF4B-00C04F79EFBC}") = "BetBullAssessment", "BetBullAssessment\BetBullAssessment.csproj", "{92E9310E-A94E-44D3-A647-A142FC1A94C8}"
EndProject
Global
	GlobalSection(SolutionConfigurationPlatforms) = preSolution
		Debug|Any CPU = Debug|Any CPU
		Release|Any CPU = Release|Any CPU
	EndGlobalSection
	GlobalSection(ProjectConfigurationPlatforms) = postSolution
		{92E9310E-A94E-44D3-A647-A142FC1A94C8}.Debug|Any CPU.ActiveCfg = Debug|Any CPU
		{92E9310E-A94E-44D3-A647-A142FC1A94C8}.Debug|Any CPU.Build.0 = Debug|Any CPU
		{92E9310E-A94E-44D3-A647-A142FC1A94C8}.Release|Any CPU.ActiveCfg = Release|Any CPU
		{92E9310E-A94E-44D3-A647-A142FC1A94C8}.Release|Any CPU.Build.0 = Release|Any CPU
	EndGlobalSection
	GlobalSection(SolutionProperties) = preSolution
		HideSolutionNode = FALSE
	EndGlobalSection
	GlobalSection(ExtensibilityGlobals) = postSolution
		SolutionGuid = {6A241423-183A-45FC-93AC-65A61EBC30E8}
	EndGlobalSection
EndGlobal
